
Microsoft Visual Studio Solution File, Format Version 12.00
# Visual Studio 2012
Project("{FAE04EC0-301F-11D3-BF4B-00C04F79EFBC}") = "WebAPI", "WebAPI\WebAPI.csproj", "{B429E8B5-269B-41E5-A584-BC3889402352}"
EndProject
Project("{FAE04EC0-301F-11D3-BF4B-00C04F79EFBC}") = "WebKeyboardDesktop", "WebKeyboardDesktop\WebKeyboardDesktop.csproj", "{6D7675C7-9B5B-4565-B192-F43C519921B2}"
EndProject
Project("{E24C65DC-7377-472B-9ABA-BC803B73C61A}") = "FrontEnd", "FrontEnd\", "{EE279DB6-799A-49F2-86AD-F5B58E08F187}"
	ProjectSection(WebsiteProperties) = preProject
		TargetFrameworkMoniker = ".NETFramework,Version%3Dv4.0"
		Debug.AspNetCompiler.VirtualPath = "/FrontEnd"
		Debug.AspNetCompiler.PhysicalPath = "FrontEnd\"
		Debug.AspNetCompiler.TargetPath = "PrecompiledWeb\FrontEnd\"
		Debug.AspNetCompiler.Updateable = "true"
		Debug.AspNetCompiler.ForceOverwrite = "true"
		Debug.AspNetCompiler.FixedNames = "false"
		Debug.AspNetCompiler.Debug = "True"
		Release.AspNetCompiler.VirtualPath = "/FrontEnd"
		Release.AspNetCompiler.PhysicalPath = "FrontEnd\"
		Release.AspNetCompiler.TargetPath = "PrecompiledWeb\FrontEnd\"
		Release.AspNetCompiler.Updateable = "true"
		Release.AspNetCompiler.ForceOverwrite = "true"
		Release.AspNetCompiler.FixedNames = "false"
		Release.AspNetCompiler.Debug = "False"
		VWDPort = "33176"
	EndProjectSection
EndProject
Global
	GlobalSection(SolutionConfigurationPlatforms) = preSolution
		Debug|Any CPU = Debug|Any CPU
		Release|Any CPU = Release|Any CPU
	EndGlobalSection
	GlobalSection(ProjectConfigurationPlatforms) = postSolution
		{B429E8B5-269B-41E5-A584-BC3889402352}.Debug|Any CPU.ActiveCfg = Debug|Any CPU
		{B429E8B5-269B-41E5-A584-BC3889402352}.Debug|Any CPU.Build.0 = Debug|Any CPU
		{B429E8B5-269B-41E5-A584-BC3889402352}.Release|Any CPU.ActiveCfg = Release|Any CPU
		{B429E8B5-269B-41E5-A584-BC3889402352}.Release|Any CPU.Build.0 = Release|Any CPU
		{6D7675C7-9B5B-4565-B192-F43C519921B2}.Debug|Any CPU.ActiveCfg = Debug|Any CPU
		{6D7675C7-9B5B-4565-B192-F43C519921B2}.Debug|Any CPU.Build.0 = Debug|Any CPU
		{6D7675C7-9B5B-4565-B192-F43C519921B2}.Release|Any CPU.ActiveCfg = Release|Any CPU
		{6D7675C7-9B5B-4565-B192-F43C519921B2}.Release|Any CPU.Build.0 = Release|Any CPU
		{EE279DB6-799A-49F2-86AD-F5B58E08F187}.Debug|Any CPU.ActiveCfg = Debug|Any CPU
		{EE279DB6-799A-49F2-86AD-F5B58E08F187}.Debug|Any CPU.Build.0 = Debug|Any CPU
		{EE279DB6-799A-49F2-86AD-F5B58E08F187}.Release|Any CPU.ActiveCfg = Debug|Any CPU
		{EE279DB6-799A-49F2-86AD-F5B58E08F187}.Release|Any CPU.Build.0 = Debug|Any CPU
	EndGlobalSection
	GlobalSection(SolutionProperties) = preSolution
		HideSolutionNode = FALSE
	EndGlobalSection
EndGlobal
